// !$*UTF8*$!
{
	archiveVersion = 1;
	classes = {
	};
	objectVersion = 77;
	objects = {

/* Begin PBXBuildFile section */
		C67A22B42EB225F40037F1A6 /* GoogleGenerativeAI in Frameworks */ = {isa = PBXBuildFile; productRef = C67A22B32EB225F40037F1A6 /* GoogleGenerativeAI */; };
/* End PBXBuildFile section */

/* Begin PBXContainerItemProxy section */
		C67A22882EB219B70037F1A6 /* PBXContainerItemProxy */ = {
			isa = PBXContainerItemProxy;
			containerPortal = C67A22722EB219B60037F1A6 /* Project object */;
			proxyType = 1;
			remoteGlobalIDString = C67A22792EB219B60037F1A6;
			remoteInfo = "Wildfire Gaurdian";
		};
		C67A22922EB219B70037F1A6 /* PBXContainerItemProxy */ = {
			isa = PBXContainerItemProxy;
			containerPortal = C67A22722EB219B60037F1A6 /* Project object */;
			proxyType = 1;
			remoteGlobalIDString = C67A22792EB219B60037F1A6;
			remoteInfo = "Wildfire Gaurdian";
		};
/* End PBXContainerItemProxy section */

/* Begin PBXFileReference section */
		C67A227A2EB219B60037F1A6 /* Wildfire Gaurdian.app */ = {isa = PBXFileReference; explicitFileType = wrapper.application; includeInIndex = 0; path = "Wildfire Gaurdian.app"; sourceTree = BUILT_PRODUCTS_DIR; };
		C67A22872EB219B70037F1A6 /* Wildfire GaurdianTests.xctest */ = {isa = PBXFileReference; explicitFileType = wrapper.cfbundle; includeInIndex = 0; path = "Wildfire GaurdianTests.xctest"; sourceTree = BUILT_PRODUCTS_DIR; };
		C67A22912EB219B70037F1A6 /* Wildfire GaurdianUITests.xctest */ = {isa = PBXFileReference; explicitFileType = wrapper.cfbundle; includeInIndex = 0; path = "Wildfire GaurdianUITests.xctest"; sourceTree = BUILT_PRODUCTS_DIR; };
/* End PBXFileReference section */

/* Begin PBXFileSystemSynchronizedRootGroup section */
		C67A227C2EB219B60037F1A6 /* Wildfire Gaurdian */ = {
			isa = PBXFileSystemSynchronizedRootGroup;
			path = "Wildfire Gaurdian";
			sourceTree = "<group>";
		};
		C67A228A2EB219B70037F1A6 /* Wildfire GaurdianTests */ = {
			isa = PBXFileSystemSynchronizedRootGroup;
			path = "Wildfire GaurdianTests";
			sourceTree = "<group>";
		};
		C67A22942EB219B70037F1A6 /* Wildfire GaurdianUITests */ = {
			isa = PBXFileSystemSynchronizedRootGroup;
			path = "Wildfire GaurdianUITests";
			sourceTree = "<group>";
		};
/* End PBXFileSystemSynchronizedRootGroup section */

/* Begin PBXFrameworksBuildPhase section */
		C67A22772EB219B60037F1A6 /* Frameworks */ = {
			isa = PBXFrameworksBuildPhase;
			buildActionMask = 2147483647;
			files = (
				C67A22B42EB225F40037F1A6 /* GoogleGenerativeAI in Frameworks */,
			);
			runOnlyForDeploymentPostprocessing = 0;
		};
		C67A22842EB219B70037F1A6 /* Frameworks */ = {
			isa = PBXFrameworksBuildPhase;
			buildActionMask = 2147483647;
			files = (
			);
			runOnlyForDeploymentPostprocessing = 0;
		};
		C67A228E2EB219B70037F1A6 /* Frameworks */ = {
			isa = PBXFrameworksBuildPhase;
			buildActionMask = 2147483647;
			files = (
			);
			runOnlyForDeploymentPostprocessing = 0;
		};
/* End PBXFrameworksBuildPhase section */

/* Begin PBXGroup section */
		C67A22712EB219B60037F1A6 = {
			isa = PBXGroup;
			children = (
				C67A227C2EB219B60037F1A6 /* Wildfire Gaurdian */,
				C67A228A2EB219B70037F1A6 /* Wildfire GaurdianTests */,
				C67A22942EB219B70037F1A6 /* Wildfire GaurdianUITests */,
				C67A227B2EB219B60037F1A6 /* Products */,
			);
			sourceTree = "<group>";
		};
		C67A227B2EB219B60037F1A6 /* Products */ = {
			isa = PBXGroup;
			children = (
				C67A227A2EB219B60037F1A6 /* Wildfire Gaurdian.app */,
				C67A22872EB219B70037F1A6 /* Wildfire GaurdianTests.xctest */,
				C67A22912EB219B70037F1A6 /* Wildfire GaurdianUITests.xctest */,
			);
			name = Products;
			sourceTree = "<group>";
		};
/* End PBXGroup section */

/* Begin PBXNativeTarget section */
		C67A22792EB219B60037F1A6 /* Wildfire Gaurdian */ = {
			isa = PBXNativeTarget;
			buildConfigurationList = C67A229B2EB219B70037F1A6 /* Build configuration list for PBXNativeTarget "Wildfire Gaurdian" */;
			buildPhases = (
				C67A22762EB219B60037F1A6 /* Sources */,
				C67A22772EB219B60037F1A6 /* Frameworks */,
				C67A22782EB219B60037F1A6 /* Resources */,
			);
			buildRules = (
			);
			dependencies = (
			);
			fileSystemSynchronizedGroups = (
				C67A227C2EB219B60037F1A6 /* Wildfire Gaurdian */,
			);
			name = "Wildfire Gaurdian";
			packageProductDependencies = (
				C67A22B32EB225F40037F1A6 /* GoogleGenerativeAI */,
			);
			productName = "Wildfire Gaurdian";
			productReference = C67A227A2EB219B60037F1A6 /* Wildfire Gaurdian.app */;
			productType = "com.apple.product-type.application";
		};
		C67A22862EB219B70037F1A6 /* Wildfire GaurdianTests */ = {
			isa = PBXNativeTarget;
			buildConfigurationList = C67A229E2EB219B70037F1A6 /* Build configuration list for PBXNativeTarget "Wildfire GaurdianTests" */;
			buildPhases = (
				C67A22832EB219B70037F1A6 /* Sources */,
				C67A22842EB219B70037F1A6 /* Frameworks */,
				C67A22852EB219B70037F1A6 /* Resources */,
			);
			buildRules = (
			);
			dependencies = (
				C67A22892EB219B70037F1A6 /* PBXTargetDependency */,
			);
			fileSystemSynchronizedGroups = (
				C67A228A2EB219B70037F1A6 /* Wildfire GaurdianTests */,
			);
			name = "Wildfire GaurdianTests";
			packageProductDependencies = (
			);
			productName = "Wildfire GaurdianTests";
			productReference = C67A22872EB219B70037F1A6 /* Wildfire GaurdianTests.xctest */;
			productType = "com.apple.product-type.bundle.unit-test";
		};
		C67A22902EB219B70037F1A6 /* Wildfire GaurdianUITests */ = {
			isa = PBXNativeTarget;
			buildConfigurationList = C67A22A12EB219B70037F1A6 /* Build configuration list for PBXNativeTarget "Wildfire GaurdianUITests" */;
			buildPhases = (
				C67A228D2EB219B70037F1A6 /* Sources */,
				C67A228E2EB219B70037F1A6 /* Frameworks */,
				C67A228F2EB219B70037F1A6 /* Resources */,
			);
			buildRules = (
			);
			dependencies = (
				C67A22932EB219B70037F1A6 /* PBXTargetDependency */,
			);
			fileSystemSynchronizedGroups = (
				C67A22942EB219B70037F1A6 /* Wildfire GaurdianUITests */,
			);
			name = "Wildfire GaurdianUITests";
			packageProductDependencies = (
			);
			productName = "Wildfire GaurdianUITests";
			productReference = C67A22912EB219B70037F1A6 /* Wildfire GaurdianUITests.xctest */;
			productType = "com.apple.product-type.bundle.ui-testing";
		};
/* End PBXNativeTarget section */

/* Begin PBXProject section */
		C67A22722EB219B60037F1A6 /* Project object */ = {
			isa = PBXProject;
			attributes = {
				BuildIndependentTargetsInParallel = 1;
				LastSwiftUpdateCheck = 2600;
				LastUpgradeCheck = 2600;
				TargetAttributes = {
					C67A22792EB219B60037F1A6 = {
						CreatedOnToolsVersion = 26.0.1;
					};
					C67A22862EB219B70037F1A6 = {
						CreatedOnToolsVersion = 26.0.1;
						TestTargetID = C67A22792EB219B60037F1A6;
					};
					C67A22902EB219B70037F1A6 = {
						CreatedOnToolsVersion = 26.0.1;
						TestTargetID = C67A22792EB219B60037F1A6;
					};
				};
			};
			buildConfigurationList = C67A22752EB219B60037F1A6 /* Build configuration list for PBXProject "Wildfire Gaurdian" */;
			developmentRegion = en;
			hasScannedForEncodings = 0;
			knownRegions = (
				en,
				Base,
			);
			mainGroup = C67A22712EB219B60037F1A6;
			minimizedProjectReferenceProxies = 1;
			packageReferences = (
				C67A22B22EB225F40037F1A6 /* XCRemoteSwiftPackageReference "generative-ai-swift" */,
			);
			preferredProjectObjectVersion = 77;
			productRefGroup = C67A227B2EB219B60037F1A6 /* Products */;
			projectDirPath = "";
			projectRoot = "";
			targets = (
				C67A22792EB219B60037F1A6 /* Wildfire Gaurdian */,
				C67A22862EB219B70037F1A6 /* Wildfire GaurdianTests */,
				C67A22902EB219B70037F1A6 /* Wildfire GaurdianUITests */,
			);
		};
/* End PBXProject section */

/* Begin PBXResourcesBuildPhase section */
		C67A22782EB219B60037F1A6 /* Resources */ = {
			isa = PBXResourcesBuildPhase;
			buildActionMask = 2147483647;
			files = (
			);
			runOnlyForDeploymentPostprocessing = 0;
		};
		C67A22852EB219B70037F1A6 /* Resources */ = {
			isa = PBXResourcesBuildPhase;
			buildActionMask = 2147483647;
			files = (
			);
			runOnlyForDeploymentPostprocessing = 0;
		};
		C67A228F2EB219B70037F1A6 /* Resources */ = {
			isa = PBXResourcesBuildPhase;
			buildActionMask = 2147483647;
			files = (
			);
			runOnlyForDeploymentPostprocessing = 0;
		};
/* End PBXResourcesBuildPhase section */

/* Begin PBXSourcesBuildPhase section */
		C67A22762EB219B60037F1A6 /* Sources */ = {
			isa = PBXSourcesBuildPhase;
			buildActionMask = 2147483647;
			files = (
			);
			runOnlyForDeploymentPostprocessing = 0;
		};
		C67A22832EB219B70037F1A6 /* Sources */ = {
			isa = PBXSourcesBuildPhase;
			buildActionMask = 2147483647;
			files = (
			);
			runOnlyForDeploymentPostprocessing = 0;
		};
		C67A228D2EB219B70037F1A6 /* Sources */ = {
			isa = PBXSourcesBuildPhase;
			buildActionMask = 2147483647;
			files = (
			);
			runOnlyForDeploymentPostprocessing = 0;
		};
/* End PBXSourcesBuildPhase section */

/* Begin PBXTargetDependency section */
		C67A22892EB219B70037F1A6 /* PBXTargetDependency */ = {
			isa = PBXTargetDependency;
			target = C67A22792EB219B60037F1A6 /* Wildfire Gaurdian */;
			targetProxy = C67A22882EB219B70037F1A6 /* PBXContainerItemProxy */;
		};
		C67A22932EB219B70037F1A6 /* PBXTargetDependency */ = {
			isa = PBXTargetDependency;
			target = C67A22792EB219B60037F1A6 /* Wildfire Gaurdian */;
			targetProxy = C67A22922EB219B70037F1A6 /* PBXContainerItemProxy */;
		};
/* End PBXTargetDependency section */

/* Begin XCBuildConfiguration section */
		C67A22992EB219B70037F1A6 /* Debug */ = {
			isa = XCBuildConfiguration;
			buildSettings = {
				ALWAYS_SEARCH_USER_PATHS = NO;
				ASSETCATALOG_COMPILER_GENERATE_SWIFT_ASSET_SYMBOL_EXTENSIONS = YES;
				CLANG_ANALYZER_NONNULL = YES;
				CLANG_ANALYZER_NUMBER_OBJECT_CONVERSION = YES_AGGRESSIVE;
				CLANG_CXX_LANGUAGE_STANDARD = "gnu++20";
				CLANG_ENABLE_MODULES = YES;
				CLANG_ENABLE_OBJC_ARC = YES;
				CLANG_ENABLE_OBJC_WEAK = YES;
				CLANG_WARN_BLOCK_CAPTURE_AUTORELEASING = YES;
				CLANG_WARN_BOOL_CONVERSION = YES;
				CLANG_WARN_COMMA = YES;
				CLANG_WARN_CONSTANT_CONVERSION = YES;
				CLANG_WARN_DEPRECATED_OBJC_IMPLEMENTATIONS = YES;
				CLANG_WARN_DIRECT_OBJC_ISA_USAGE = YES_ERROR;
				CLANG_WARN_DOCUMENTATION_COMMENTS = YES;
				CLANG_WARN_EMPTY_BODY = YES;
				CLANG_WARN_ENUM_CONVERSION = YES;
				CLANG_WARN_INFINITE_RECURSION = YES;
				CLANG_WARN_INT_CONVERSION = YES;
				CLANG_WARN_NON_LITERAL_NULL_CONVERSION = YES;
				CLANG_WARN_OBJC_IMPLICIT_RETAIN_SELF = YES;
				CLANG_WARN_OBJC_LITERAL_CONVERSION = YES;
				CLANG_WARN_OBJC_ROOT_CLASS = YES_ERROR;
				CLANG_WARN_QUOTED_INCLUDE_IN_FRAMEWORK_HEADER = YES;
				CLANG_WARN_RANGE_LOOP_ANALYSIS = YES;
				CLANG_WARN_STRICT_PROTOTYPES = YES;
				CLANG_WARN_SUSPICIOUS_MOVE = YES;
				CLANG_WARN_UNGUARDED_AVAILABILITY = YES_AGGRESSIVE;
				CLANG_WARN_UNREACHABLE_CODE = YES;
				CLANG_WARN__DUPLICATE_METHOD_MATCH = YES;
				COPY_PHASE_STRIP = NO;
				DEBUG_INFORMATION_FORMAT = dwarf;
				DEVELOPMENT_TEAM = KZS78PA693;
				ENABLE_STRICT_OBJC_MSGSEND = YES;
				ENABLE_TESTABILITY = YES;
				ENABLE_USER_SCRIPT_SANDBOXING = YES;
				GCC_C_LANGUAGE_STANDARD = gnu17;
				GCC_DYNAMIC_NO_PIC = NO;
				GCC_NO_COMMON_BLOCKS = YES;
				GCC_OPTIMIZATION_LEVEL = 0;
				GCC_PREPROCESSOR_DEFINITIONS = (
					"DEBUG=1",
					"$(inherited)",
				);
				GCC_WARN_64_TO_32_BIT_CONVERSION = YES;
				GCC_WARN_ABOUT_RETURN_TYPE = YES_ERROR;
				GCC_WARN_UNDECLARED_SELECTOR = YES;
				GCC_WARN_UNINITIALIZED_AUTOS = YES_AGGRESSIVE;
				GCC_WARN_UNUSED_FUNCTION = YES;
				GCC_WARN_UNUSED_VARIABLE = YES;
				IPHONEOS_DEPLOYMENT_TARGET = 26.0;
				LOCALIZATION_PREFERS_STRING_CATALOGS = YES;
				MTL_ENABLE_DEBUG_INFO = INCLUDE_SOURCE;
				MTL_FAST_MATH = YES;
				ONLY_ACTIVE_ARCH = YES;
				SDKROOT = iphoneos;
				SWIFT_ACTIVE_COMPILATION_CONDITIONS = "DEBUG $(inherited)";
				SWIFT_OPTIMIZATION_LEVEL = "-Onone";
			};
			name = Debug;
		};
		C67A229A2EB219B70037F1A6 /* Release */ = {
			isa = XCBuildConfiguration;
			buildSettings = {
				ALWAYS_SEARCH_USER_PATHS = NO;
				ASSETCATALOG_COMPILER_GENERATE_SWIFT_ASSET_SYMBOL_EXTENSIONS = YES;
				CLANG_ANALYZER_NONNULL = YES;
				CLANG_ANALYZER_NUMBER_OBJECT_CONVERSION = YES_AGGRESSIVE;
				CLANG_CXX_LANGUAGE_STANDARD = "gnu++20";
				CLANG_ENABLE_MODULES = YES;
				CLANG_ENABLE_OBJC_ARC = YES;
				CLANG_ENABLE_OBJC_WEAK = YES;
				CLANG_WARN_BLOCK_CAPTURE_AUTORELEASING = YES;
				CLANG_WARN_BOOL_CONVERSION = YES;
				CLANG_WARN_COMMA = YES;
				CLANG_WARN_CONSTANT_CONVERSION = YES;
				CLANG_WARN_DEPRECATED_OBJC_IMPLEMENTATIONS = YES;
				CLANG_WARN_DIRECT_OBJC_ISA_USAGE = YES_ERROR;
				CLANG_WARN_DOCUMENTATION_COMMENTS = YES;
				CLANG_WARN_EMPTY_BODY = YES;
				CLANG_WARN_ENUM_CONVERSION = YES;
				CLANG_WARN_INFINITE_RECURSION = YES;
				CLANG_WARN_INT_CONVERSION = YES;
				CLANG_WARN_NON_LITERAL_NULL_CONVERSION = YES;
				CLANG_WARN_OBJC_IMPLICIT_RETAIN_SELF = YES;
				CLANG_WARN_OBJC_LITERAL_CONVERSION = YES;
				CLANG_WARN_OBJC_ROOT_CLASS = YES_ERROR;
				CLANG_WARN_QUOTED_INCLUDE_IN_FRAMEWORK_HEADER = YES;
				CLANG_WARN_RANGE_LOOP_ANALYSIS = YES;
				CLANG_WARN_STRICT_PROTOTYPES = YES;
				CLANG_WARN_SUSPICIOUS_MOVE = YES;
				CLANG_WARN_UNGUARDED_AVAILABILITY = YES_AGGRESSIVE;
				CLANG_WARN_UNREACHABLE_CODE = YES;
				CLANG_WARN__DUPLICATE_METHOD_MATCH = YES;
				COPY_PHASE_STRIP = NO;
				DEBUG_INFORMATION_FORMAT = "dwarf-with-dsym";
				DEVELOPMENT_TEAM = KZS78PA693;
				ENABLE_NS_ASSERTIONS = NO;
				ENABLE_STRICT_OBJC_MSGSEND = YES;
				ENABLE_USER_SCRIPT_SANDBOXING = YES;
				GCC_C_LANGUAGE_STANDARD = gnu17;
				GCC_NO_COMMON_BLOCKS = YES;
				GCC_WARN_64_TO_32_BIT_CONVERSION = YES;
				GCC_WARN_ABOUT_RETURN_TYPE = YES_ERROR;
				GCC_WARN_UNDECLARED_SELECTOR = YES;
				GCC_WARN_UNINITIALIZED_AUTOS = YES_AGGRESSIVE;
				GCC_WARN_UNUSED_FUNCTION = YES;
				GCC_WARN_UNUSED_VARIABLE = YES;
				IPHONEOS_DEPLOYMENT_TARGET = 26.0;
				LOCALIZATION_PREFERS_STRING_CATALOGS = YES;
				MTL_ENABLE_DEBUG_INFO = NO;
				MTL_FAST_MATH = YES;
				SDKROOT = iphoneos;
				SWIFT_COMPILATION_MODE = wholemodule;
				VALIDATE_PRODUCT = YES;
			};
			name = Release;
		};
		C67A229C2EB219B70037F1A6 /* Debug */ = {
			isa = XCBuildConfiguration;
			buildSettings = {
				ASSETCATALOG_COMPILER_APPICON_NAME = AppIcon;
				ASSETCATALOG_COMPILER_GLOBAL_ACCENT_COLOR_NAME = AccentColor;
				CODE_SIGN_STYLE = Automatic;
				CURRENT_PROJECT_VERSION = 1;
				DEVELOPMENT_TEAM = KZS78PA693;
				ENABLE_PREVIEWS = YES;
				GENERATE_INFOPLIST_FILE = YES;
				INFOPLIST_KEY_NSLocationWhenInUseUsageDescription = "Wildfire Guardian needs your location to show nearby wildfire risks and evacuation status.\n";
				INFOPLIST_KEY_UIApplicationSceneManifest_Generation = YES;
				INFOPLIST_KEY_UIApplicationSupportsIndirectInputEvents = YES;
				INFOPLIST_KEY_UILaunchScreen_Generation = YES;
				INFOPLIST_KEY_UISupportedInterfaceOrientations_iPad = "UIInterfaceOrientationPortrait UIInterfaceOrientationPortraitUpsideDown UIInterfaceOrientationLandscapeLeft UIInterfaceOrientationLandscapeRight";
				INFOPLIST_KEY_UISupportedInterfaceOrientations_iPhone = "UIInterfaceOrientationPortrait UIInterfaceOrientationLandscapeLeft UIInterfaceOrientationLandscapeRight";
				LD_RUNPATH_SEARCH_PATHS = (
					"$(inherited)",
					"@executable_path/Frameworks",
				);
				MARKETING_VERSION = 1.0;
				PRODUCT_BUNDLE_IDENTIFIER = "-4444.Wildfire-Gaurdian";
				PRODUCT_NAME = "$(TARGET_NAME)";
				STRING_CATALOG_GENERATE_SYMBOLS = YES;
				SWIFT_APPROACHABLE_CONCURRENCY = YES;
				SWIFT_DEFAULT_ACTOR_ISOLATION = MainActor;
				SWIFT_EMIT_LOC_STRINGS = YES;
				SWIFT_UPCOMING_FEATURE_MEMBER_IMPORT_VISIBILITY = YES;
				SWIFT_VERSION = 5.0;
				TARGETED_DEVICE_FAMILY = "1,2";
			};
			name = Debug;
		};
		C67A229D2EB219B70037F1A6 /* Release */ = {
			isa = XCBuildConfiguration;
			buildSettings = {
				ASSETCATALOG_COMPILER_APPICON_NAME = AppIcon;
				ASSETCATALOG_COMPILER_GLOBAL_ACCENT_COLOR_NAME = AccentColor;
				CODE_SIGN_STYLE = Automatic;
				CURRENT_PROJECT_VERSION = 1;
				DEVELOPMENT_TEAM = KZS78PA693;
				ENABLE_PREVIEWS = YES;
				GENERATE_INFOPLIST_FILE = YES;
				INFOPLIST_KEY_NSLocationWhenInUseUsageDescription = "Wildfire Guardian needs your location to show nearby wildfire risks and evacuation status.\n";
				INFOPLIST_KEY_UIApplicationSceneManifest_Generation = YES;
				INFOPLIST_KEY_UIApplicationSupportsIndirectInputEvents = YES;
				INFOPLIST_KEY_UILaunchScreen_Generation = YES;
				INFOPLIST_KEY_UISupportedInterfaceOrientations_iPad = "UIInterfaceOrientationPortrait UIInterfaceOrientationPortraitUpsideDown UIInterfaceOrientationLandscapeLeft UIInterfaceOrientationLandscapeRight";
				INFOPLIST_KEY_UISupportedInterfaceOrientations_iPhone = "UIInterfaceOrientationPortrait UIInterfaceOrientationLandscapeLeft UIInterfaceOrientationLandscapeRight";
				LD_RUNPATH_SEARCH_PATHS = (
					"$(inherited)",
					"@executable_path/Frameworks",
				);
				MARKETING_VERSION = 1.0;
				PRODUCT_BUNDLE_IDENTIFIER = "-4444.Wildfire-Gaurdian";
				PRODUCT_NAME = "$(TARGET_NAME)";
				STRING_CATALOG_GENERATE_SYMBOLS = YES;
				SWIFT_APPROACHABLE_CONCURRENCY = YES;
				SWIFT_DEFAULT_ACTOR_ISOLATION = MainActor;
				SWIFT_EMIT_LOC_STRINGS = YES;
				SWIFT_UPCOMING_FEATURE_MEMBER_IMPORT_VISIBILITY = YES;
				SWIFT_VERSION = 5.0;
				TARGETED_DEVICE_FAMILY = "1,2";
			};
			name = Release;
		};
		C67A229F2EB219B70037F1A6 /* Debug */ = {
			isa = XCBuildConfiguration;
			buildSettings = {
				BUNDLE_LOADER = "$(TEST_HOST)";
				CODE_SIGN_STYLE = Automatic;
				CURRENT_PROJECT_VERSION = 1;
				DEVELOPMENT_TEAM = KZS78PA693;
				GENERATE_INFOPLIST_FILE = YES;
				IPHONEOS_DEPLOYMENT_TARGET = 26.0;
				MARKETING_VERSION = 1.0;
				PRODUCT_BUNDLE_IDENTIFIER = "-4444.Wildfire-GaurdianTests";
				PRODUCT_NAME = "$(TARGET_NAME)";
				STRING_CATALOG_GENERATE_SYMBOLS = NO;
				SWIFT_APPROACHABLE_CONCURRENCY = YES;
				SWIFT_EMIT_LOC_STRINGS = NO;
				SWIFT_UPCOMING_FEATURE_MEMBER_IMPORT_VISIBILITY = YES;
				SWIFT_VERSION = 5.0;
				TARGETED_DEVICE_FAMILY = "1,2";
				TEST_HOST = "$(BUILT_PRODUCTS_DIR)/Wildfire Gaurdian.app/$(BUNDLE_EXECUTABLE_FOLDER_PATH)/Wildfire Gaurdian";
			};
			name = Debug;
		};
		C67A22A02EB219B70037F1A6 /* Release */ = {
			isa = XCBuildConfiguration;
			buildSettings = {
				BUNDLE_LOADER = "$(TEST_HOST)";
				CODE_SIGN_STYLE = Automatic;
				CURRENT_PROJECT_VERSION = 1;
				DEVELOPMENT_TEAM = KZS78PA693;
				GENERATE_INFOPLIST_FILE = YES;
				IPHONEOS_DEPLOYMENT_TARGET = 26.0;
				MARKETING_VERSION = 1.0;
				PRODUCT_BUNDLE_IDENTIFIER = "-4444.Wildfire-GaurdianTests";
				PRODUCT_NAME = "$(TARGET_NAME)";
				STRING_CATALOG_GENERATE_SYMBOLS = NO;
				SWIFT_APPROACHABLE_CONCURRENCY = YES;
				SWIFT_EMIT_LOC_STRINGS = NO;
				SWIFT_UPCOMING_FEATURE_MEMBER_IMPORT_VISIBILITY = YES;
				SWIFT_VERSION = 5.0;
				TARGETED_DEVICE_FAMILY = "1,2";
				TEST_HOST = "$(BUILT_PRODUCTS_DIR)/Wildfire Gaurdian.app/$(BUNDLE_EXECUTABLE_FOLDER_PATH)/Wildfire Gaurdian";
			};
			name = Release;
		};
		C67A22A22EB219B70037F1A6 /* Debug */ = {
			isa = XCBuildConfiguration;
			buildSettings = {
				CODE_SIGN_STYLE = Automatic;
				CURRENT_PROJECT_VERSION = 1;
				DEVELOPMENT_TEAM = KZS78PA693;
				GENERATE_INFOPLIST_FILE = YES;
				MARKETING_VERSION = 1.0;
				PRODUCT_BUNDLE_IDENTIFIER = "-4444.Wildfire-GaurdianUITests";
				PRODUCT_NAME = "$(TARGET_NAME)";
				STRING_CATALOG_GENERATE_SYMBOLS = NO;
				SWIFT_APPROACHABLE_CONCURRENCY = YES;
				SWIFT_EMIT_LOC_STRINGS = NO;
				SWIFT_UPCOMING_FEATURE_MEMBER_IMPORT_VISIBILITY = YES;
				SWIFT_VERSION = 5.0;
				TARGETED_DEVICE_FAMILY = "1,2";
				TEST_TARGET_NAME = "Wildfire Gaurdian";
			};
			name = Debug;
		};
		C67A22A32EB219B70037F1A6 /* Release */ = {
			isa = XCBuildConfiguration;
			buildSettings = {
				CODE_SIGN_STYLE = Automatic;
				CURRENT_PROJECT_VERSION = 1;
				DEVELOPMENT_TEAM = KZS78PA693;
				GENERATE_INFOPLIST_FILE = YES;
				MARKETING_VERSION = 1.0;
				PRODUCT_BUNDLE_IDENTIFIER = "-4444.Wildfire-GaurdianUITests";
				PRODUCT_NAME = "$(TARGET_NAME)";
				STRING_CATALOG_GENERATE_SYMBOLS = NO;
				SWIFT_APPROACHABLE_CONCURRENCY = YES;
				SWIFT_EMIT_LOC_STRINGS = NO;
				SWIFT_UPCOMING_FEATURE_MEMBER_IMPORT_VISIBILITY = YES;
				SWIFT_VERSION = 5.0;
				TARGETED_DEVICE_FAMILY = "1,2";
				TEST_TARGET_NAME = "Wildfire Gaurdian";
			};
			name = Release;
		};
/* End XCBuildConfiguration section */

/* Begin XCConfigurationList section */
		C67A22752EB219B60037F1A6 /* Build configuration list for PBXProject "Wildfire Gaurdian" */ = {
			isa = XCConfigurationList;
			buildConfigurations = (
				C67A22992EB219B70037F1A6 /* Debug */,
				C67A229A2EB219B70037F1A6 /* Release */,
			);
			defaultConfigurationIsVisible = 0;
			defaultConfigurationName = Release;
		};
		C67A229B2EB219B70037F1A6 /* Build configuration list for PBXNativeTarget "Wildfire Gaurdian" */ = {
			isa = XCConfigurationList;
			buildConfigurations = (
				C67A229C2EB219B70037F1A6 /* Debug */,
				C67A229D2EB219B70037F1A6 /* Release */,
			);
			defaultConfigurationIsVisible = 0;
			defaultConfigurationName = Release;
		};
		C67A229E2EB219B70037F1A6 /* Build configuration list for PBXNativeTarget "Wildfire GaurdianTests" */ = {
			isa = XCConfigurationList;
			buildConfigurations = (
				C67A229F2EB219B70037F1A6 /* Debug */,
				C67A22A02EB219B70037F1A6 /* Release */,
			);
			defaultConfigurationIsVisible = 0;
			defaultConfigurationName = Release;
		};
		C67A22A12EB219B70037F1A6 /* Build configuration list for PBXNativeTarget "Wildfire GaurdianUITests" */ = {
			isa = XCConfigurationList;
			buildConfigurations = (
				C67A22A22EB219B70037F1A6 /* Debug */,
				C67A22A32EB219B70037F1A6 /* Release */,
			);
			defaultConfigurationIsVisible = 0;
			defaultConfigurationName = Release;
		};
/* End XCConfigurationList section */

/* Begin XCRemoteSwiftPackageReference section */
		C67A22B22EB225F40037F1A6 /* XCRemoteSwiftPackageReference "generative-ai-swift" */ = {
			isa = XCRemoteSwiftPackageReference;
			repositoryURL = "https://github.com/google/generative-ai-swift";
			requirement = {
				kind = upToNextMajorVersion;
				minimumVersion = 0.5.6;
			};
		};
/* End XCRemoteSwiftPackageReference section */

/* Begin XCSwiftPackageProductDependency section */
		C67A22B32EB225F40037F1A6 /* GoogleGenerativeAI */ = {
			isa = XCSwiftPackageProductDependency;
			package = C67A22B22EB225F40037F1A6 /* XCRemoteSwiftPackageReference "generative-ai-swift" */;
			productName = GoogleGenerativeAI;
		};
/* End XCSwiftPackageProductDependency section */
	};
	rootObject = C67A22722EB219B60037F1A6 /* Project object */;
}
